PODS:
  - SDWebImage (5.19.4):
    - SDWebImage/Core (= 5.19.4)
  - SDWebImage/Core (5.19.4)
  - SDWebImageSwiftUI (3.1.1):
    - SDWebImage (~> 5.10)

DEPENDENCIES:
  - SDWebImageSwiftUI

SPEC REPOS:
  trunk:
    - SDWebImage
    - SDWebImageSwiftUI

SPEC CHECKSUMS:
  SDWebImage: 066c47b573f408f18caa467d71deace7c0f8280d
  SDWebImageSwiftUI: dcff3d05fd0579ff280221ae8856c34ac3b67f25

PODFILE CHECKSUM: 0908704006b756fea21181265fd85cb20ff58966

COCOAPODS: 1.15.2
