{
  "pins" : [
    {
      "identity" : "skeletonui",
      "kind" : "remoteSourceControl",
      "location" : "https://github.com/CSolanaM/SkeletonUI.git",
      "state" : {
        "revision" : "132f12a34b7fdab275bfc61968749b1f11c36300",
        "version" : "1.0.7"
      }
    },
    {
      "identity" : "swift-collections",
      "kind" : "remoteSourceControl",
      "location" : "https://github.com/apple/swift-collections.git",
      "state" : {
        "revision" : "48254824bb4248676bf7ce56014ff57b142b77eb",
        "version" : "1.0.2"
      }
    },
    {
      "identity" : "swift-snapshot-testing",
      "kind" : "remoteSourceControl",
      "location" : "https://github.com/pointfreeco/swift-snapshot-testing",
      "state" : {
        "revision" : "f8a9c997c3c1dab4e216a8ec9014e23144cbab37",
        "version" : "1.9.0"
      }
    }
  ],
  "version" : 2
}
